{
	"name": "Test Plugin",
	"version": "1.0.0",
	"lockfileVersion": 1,
	"requires": true,
	"dependencies": {
		"machine-uuid": {
			"version": "1.2.0",
			"resolved": "https://registry.npmjs.org/machine-uuid/-/machine-uuid-1.2.0.tgz",
			"integrity": "sha512-IbwZTrrEFO6LSIBHy1U3KHRr8rWCpnUC15R1VmAWUXokumrkNGBfJdN2juR9ll8zU9T566dOK9SCwgfnOhiXDQ==",
			"requires": {
				"uuid": "^3.1.0"
			}
		},
		"uuid": {
			"version": "3.4.0",
			"resolved": "https://registry.npmjs.org/uuid/-/uuid-3.4.0.tgz",
			"integrity": "sha512-HjSDRw6gZE5JMggctHBcjVak08+KEVhSIiDzFnT9S9aegmp85S/bReBVTb4QTFaRNptJ9kuYaNhnbNEOkbKb/A=="
		}
	}
}
